
Microsoft Visual Studio Solution File, Format Version 12.00
# Visual Studio 2013
VisualStudioVersion = 12.0.21005.1
MinimumVisualStudioVersion = 10.0.40219.1
Project("{FAE04EC0-301F-11D3-BF4B-00C04F79EFBC}") = "WCF_Host", "WCF_Host\WCF_Host.csproj", "{C8F1AFEF-B821-49BF-98D8-198CCBE11253}"
EndProject
Project("{FAE04EC0-301F-11D3-BF4B-00C04F79EFBC}") = "WCF_DataReaderService", "WCF_DataReaderService\WCF_DataReaderService.csproj", "{2DE7DE6D-D677-4419-865E-E9A98DC799CE}"
EndProject
Global
	GlobalSection(SolutionConfigurationPlatforms) = preSolution
		Debug|Any CPU = Debug|Any CPU
		Release|Any CPU = Release|Any CPU
	EndGlobalSection
	GlobalSection(ProjectConfigurationPlatforms) = postSolution
		{C8F1AFEF-B821-49BF-98D8-198CCBE11253}.Debug|Any CPU.ActiveCfg = Debug|Any CPU
		{C8F1AFEF-B821-49BF-98D8-198CCBE11253}.Debug|Any CPU.Build.0 = Debug|Any CPU
		{C8F1AFEF-B821-49BF-98D8-198CCBE11253}.Release|Any CPU.ActiveCfg = Release|Any CPU
		{C8F1AFEF-B821-49BF-98D8-198CCBE11253}.Release|Any CPU.Build.0 = Release|Any CPU
		{2DE7DE6D-D677-4419-865E-E9A98DC799CE}.Debug|Any CPU.ActiveCfg = Debug|Any CPU
		{2DE7DE6D-D677-4419-865E-E9A98DC799CE}.Debug|Any CPU.Build.0 = Debug|Any CPU
		{2DE7DE6D-D677-4419-865E-E9A98DC799CE}.Release|Any CPU.ActiveCfg = Release|Any CPU
		{2DE7DE6D-D677-4419-865E-E9A98DC799CE}.Release|Any CPU.Build.0 = Release|Any CPU
	EndGlobalSection
	GlobalSection(SolutionProperties) = preSolution
		HideSolutionNode = FALSE
	EndGlobalSection
EndGlobal
